
Microsoft Visual Studio Solution File, Format Version 12.00
# Visual Studio Version 16
VisualStudioVersion = 16.0.36128.20
MinimumVisualStudioVersion = 10.0.40219.1
Project("{FAE04EC0-301F-11D3-BF4B-00C04F79EFBC}") = "Code Challenge 7", "Code Challenge 7\Code Challenge 7.csproj", "{4A00FCE2-CE2E-43E2-873B-52D48F549652}"
EndProject
Global
	GlobalSection(SolutionConfigurationPlatforms) = preSolution
		Debug|Any CPU = Debug|Any CPU
		Release|Any CPU = Release|Any CPU
	EndGlobalSection
	GlobalSection(ProjectConfigurationPlatforms) = postSolution
		{4A00FCE2-CE2E-43E2-873B-52D48F549652}.Debug|Any CPU.ActiveCfg = Debug|Any CPU
		{4A00FCE2-CE2E-43E2-873B-52D48F549652}.Debug|Any CPU.Build.0 = Debug|Any CPU
		{4A00FCE2-CE2E-43E2-873B-52D48F549652}.Release|Any CPU.ActiveCfg = Release|Any CPU
		{4A00FCE2-CE2E-43E2-873B-52D48F549652}.Release|Any CPU.Build.0 = Release|Any CPU
	EndGlobalSection
	GlobalSection(SolutionProperties) = preSolution
		HideSolutionNode = FALSE
	EndGlobalSection
	GlobalSection(ExtensibilityGlobals) = postSolution
		SolutionGuid = {57127CB7-3071-4AE6-8B0F-CC6840AAADF6}
	EndGlobalSection
EndGlobal
