
Microsoft Visual Studio Solution File, Format Version 12.00
# Visual Studio Version 16
VisualStudioVersion = 16.0.36128.20
MinimumVisualStudioVersion = 10.0.40219.1
Project("{FAE04EC0-301F-11D3-BF4B-00C04F79EFBC}") = "Assignment1ADO", "Assignment1ADO\Assignment1ADO.csproj", "{B0937944-C6F1-48FF-8470-508A9CB2E1F4}"
EndProject
Global
	GlobalSection(SolutionConfigurationPlatforms) = preSolution
		Debug|Any CPU = Debug|Any CPU
		Release|Any CPU = Release|Any CPU
	EndGlobalSection
	GlobalSection(ProjectConfigurationPlatforms) = postSolution
		{B0937944-C6F1-48FF-8470-508A9CB2E1F4}.Debug|Any CPU.ActiveCfg = Debug|Any CPU
		{B0937944-C6F1-48FF-8470-508A9CB2E1F4}.Debug|Any CPU.Build.0 = Debug|Any CPU
		{B0937944-C6F1-48FF-8470-508A9CB2E1F4}.Release|Any CPU.ActiveCfg = Release|Any CPU
		{B0937944-C6F1-48FF-8470-508A9CB2E1F4}.Release|Any CPU.Build.0 = Release|Any CPU
	EndGlobalSection
	GlobalSection(SolutionProperties) = preSolution
		HideSolutionNode = FALSE
	EndGlobalSection
	GlobalSection(ExtensibilityGlobals) = postSolution
		SolutionGuid = {51296B97-36A0-423E-A9D2-EC5E98C06BC5}
	EndGlobalSection
EndGlobal
