
Microsoft Visual Studio Solution File, Format Version 12.00
# Visual Studio Version 16
VisualStudioVersion = 16.0.36128.20
MinimumVisualStudioVersion = 10.0.40219.1
Project("{FAE04EC0-301F-11D3-BF4B-00C04F79EFBC}") = "CodeChallenge3", "CodeChallenge3\CodeChallenge3.csproj", "{8DAF7732-D86E-414C-8BF5-5959CC0FCA93}"
EndProject
Global
	GlobalSection(SolutionConfigurationPlatforms) = preSolution
		Debug|Any CPU = Debug|Any CPU
		Release|Any CPU = Release|Any CPU
	EndGlobalSection
	GlobalSection(ProjectConfigurationPlatforms) = postSolution
		{8DAF7732-D86E-414C-8BF5-5959CC0FCA93}.Debug|Any CPU.ActiveCfg = Debug|Any CPU
		{8DAF7732-D86E-414C-8BF5-5959CC0FCA93}.Debug|Any CPU.Build.0 = Debug|Any CPU
		{8DAF7732-D86E-414C-8BF5-5959CC0FCA93}.Release|Any CPU.ActiveCfg = Release|Any CPU
		{8DAF7732-D86E-414C-8BF5-5959CC0FCA93}.Release|Any CPU.Build.0 = Release|Any CPU
	EndGlobalSection
	GlobalSection(SolutionProperties) = preSolution
		HideSolutionNode = FALSE
	EndGlobalSection
	GlobalSection(ExtensibilityGlobals) = postSolution
		SolutionGuid = {08E42DC9-5E75-487A-B630-95778A8EE966}
	EndGlobalSection
EndGlobal
